
Microsoft Visual Studio Solution File, Format Version 12.00
# Visual Studio Version 17
VisualStudioVersion = 17.6.33829.357
MinimumVisualStudioVersion = 10.0.40219.1
Project("{FAE04EC0-301F-11D3-BF4B-00C04F79EFBC}") = "CodeFirstApproachDemo", "CodeFirstApproachDemo\CodeFirstApproachDemo.csproj", "{2204145F-5675-4229-A224-B40907A15E1C}"
EndProject
Global
	GlobalSection(SolutionConfigurationPlatforms) = preSolution
		Debug|Any CPU = Debug|Any CPU
		Release|Any CPU = Release|Any CPU
	EndGlobalSection
	GlobalSection(ProjectConfigurationPlatforms) = postSolution
		{2204145F-5675-4229-A224-B40907A15E1C}.Debug|Any CPU.ActiveCfg = Debug|Any CPU
		{2204145F-5675-4229-A224-B40907A15E1C}.Debug|Any CPU.Build.0 = Debug|Any CPU
		{2204145F-5675-4229-A224-B40907A15E1C}.Release|Any CPU.ActiveCfg = Release|Any CPU
		{2204145F-5675-4229-A224-B40907A15E1C}.Release|Any CPU.Build.0 = Release|Any CPU
	EndGlobalSection
	GlobalSection(SolutionProperties) = preSolution
		HideSolutionNode = FALSE
	EndGlobalSection
	GlobalSection(ExtensibilityGlobals) = postSolution
		SolutionGuid = {11FC0841-9582-49F6-A42A-36D3CA44965F}
	EndGlobalSection
EndGlobal
